
Microsoft Visual Studio Solution File, Format Version 12.00
# Visual Studio 15
VisualStudioVersion = 15.0.28307.329
MinimumVisualStudioVersion = 10.0.40219.1
Project("{888888A0-9F3D-457C-B088-3A5042F75D52}") = "learning_log", "learning_log\learning_log.pyproj", "{9452CD61-56E0-4894-B3EC-9E25A5A21099}"
EndProject
Project("{888888A0-9F3D-457C-B088-3A5042F75D52}") = "test", "..\test\test\test.pyproj", "{35226630-1C94-4472-B087-79ABA20E24FF}"
EndProject
Global
	GlobalSection(SolutionConfigurationPlatforms) = preSolution
		Debug|Any CPU = Debug|Any CPU
		Release|Any CPU = Release|Any CPU
	EndGlobalSection
	GlobalSection(ProjectConfigurationPlatforms) = postSolution
		{9452CD61-56E0-4894-B3EC-9E25A5A21099}.Debug|Any CPU.ActiveCfg = Debug|Any CPU
		{9452CD61-56E0-4894-B3EC-9E25A5A21099}.Debug|Any CPU.Build.0 = Debug|Any CPU
		{9452CD61-56E0-4894-B3EC-9E25A5A21099}.Release|Any CPU.ActiveCfg = Release|Any CPU
		{9452CD61-56E0-4894-B3EC-9E25A5A21099}.Release|Any CPU.Build.0 = Release|Any CPU
		{35226630-1C94-4472-B087-79ABA20E24FF}.Debug|Any CPU.ActiveCfg = Debug|Any CPU
		{35226630-1C94-4472-B087-79ABA20E24FF}.Debug|Any CPU.Build.0 = Debug|Any CPU
		{35226630-1C94-4472-B087-79ABA20E24FF}.Release|Any CPU.ActiveCfg = Release|Any CPU
		{35226630-1C94-4472-B087-79ABA20E24FF}.Release|Any CPU.Build.0 = Release|Any CPU
	EndGlobalSection
	GlobalSection(SolutionProperties) = preSolution
		HideSolutionNode = FALSE
	EndGlobalSection
	GlobalSection(ExtensibilityGlobals) = postSolution
		SolutionGuid = {220B0638-8F7A-4D25-A3FC-1A1E20BF8A39}
	EndGlobalSection
EndGlobal
